
Microsoft Visual Studio Solution File, Format Version 12.00
# Visual Studio 14
VisualStudioVersion = 14.0.25420.1
MinimumVisualStudioVersion = 10.0.40219.1
Project("{FAE04EC0-301F-11D3-BF4B-00C04F79EFBC}") = "MongaTur", "MongaTur\MongaTur\MongaTur.csproj", "{687C1D0D-39B3-4C6A-BA1F-B6835143F4B0}"
EndProject
Project("{FAE04EC0-301F-11D3-BF4B-00C04F79EFBC}") = "MongaTur.Droid", "MongaTur\MongaTur.Droid\MongaTur.Droid.csproj", "{A3AAB3E0-8CF6-49F1-A086-626EBBA2C76A}"
EndProject
Project("{FAE04EC0-301F-11D3-BF4B-00C04F79EFBC}") = "MongaTur.iOS", "MongaTur\MongaTur.iOS\MongaTur.iOS.csproj", "{A12E1120-9C97-49E7-87EE-B0F64FF27BF6}"
EndProject
Project("{FAE04EC0-301F-11D3-BF4B-00C04F79EFBC}") = "MongaTur.WinPhone", "MongaTur\MongaTur.WinPhone\MongaTur.WinPhone.csproj", "{BFA3658E-8672-49CB-A325-3A9CBEBD3CB9}"
EndProject
Project("{FAE04EC0-301F-11D3-BF4B-00C04F79EFBC}") = "MongaTur.UWP", "MongaTur\MongaTur.UWP\MongaTur.UWP.csproj", "{57AF5651-9D59-4458-8FF6-AC39232BA688}"
EndProject
Project("{FAE04EC0-301F-11D3-BF4B-00C04F79EFBC}") = "MongaTur.Windows", "MongaTur\MongaTur.Windows\MongaTur.Windows.csproj", "{8337AE93-35D7-47E6-A651-92C8AD123A21}"
EndProject
Global
	GlobalSection(SolutionConfigurationPlatforms) = preSolution
		Ad-Hoc|Any CPU = Ad-Hoc|Any CPU
		Ad-Hoc|ARM = Ad-Hoc|ARM
		Ad-Hoc|iPhone = Ad-Hoc|iPhone
		Ad-Hoc|iPhoneSimulator = Ad-Hoc|iPhoneSimulator
		Ad-Hoc|x64 = Ad-Hoc|x64
		Ad-Hoc|x86 = Ad-Hoc|x86
		AppStore|Any CPU = AppStore|Any CPU
		AppStore|ARM = AppStore|ARM
		AppStore|iPhone = AppStore|iPhone
		AppStore|iPhoneSimulator = AppStore|iPhoneSimulator
		AppStore|x64 = AppStore|x64
		AppStore|x86 = AppStore|x86
		Debug|Any CPU = Debug|Any CPU
		Debug|ARM = Debug|ARM
		Debug|iPhone = Debug|iPhone
		Debug|iPhoneSimulator = Debug|iPhoneSimulator
		Debug|x64 = Debug|x64
		Debug|x86 = Debug|x86
		Release|Any CPU = Release|Any CPU
		Release|ARM = Release|ARM
		Release|iPhone = Release|iPhone
		Release|iPhoneSimulator = Release|iPhoneSimulator
		Release|x64 = Release|x64
		Release|x86 = Release|x86
	EndGlobalSection
	GlobalSection(ProjectConfigurationPlatforms) = postSolution
		{687C1D0D-39B3-4C6A-BA1F-B6835143F4B0}.Ad-Hoc|Any CPU.ActiveCfg = Release|Any CPU
		{687C1D0D-39B3-4C6A-BA1F-B6835143F4B0}.Ad-Hoc|Any CPU.Build.0 = Release|Any CPU
		{687C1D0D-39B3-4C6A-BA1F-B6835143F4B0}.Ad-Hoc|ARM.ActiveCfg = Release|Any CPU
		{687C1D0D-39B3-4C6A-BA1F-B6835143F4B0}.Ad-Hoc|ARM.Build.0 = Release|Any CPU
		{687C1D0D-39B3-4C6A-BA1F-B6835143F4B0}.Ad-Hoc|iPhone.ActiveCfg = Release|Any CPU
		{687C1D0D-39B3-4C6A-BA1F-B6835143F4B0}.Ad-Hoc|iPhone.Build.0 = Release|Any CPU
		{687C1D0D-39B3-4C6A-BA1F-B6835143F4B0}.Ad-Hoc|iPhoneSimulator.ActiveCfg = Release|Any CPU
		{687C1D0D-39B3-4C6A-BA1F-B6835143F4B0}.Ad-Hoc|iPhoneSimulator.Build.0 = Release|Any CPU
		{687C1D0D-39B3-4C6A-BA1F-B6835143F4B0}.Ad-Hoc|x64.ActiveCfg = Release|Any CPU
		{687C1D0D-39B3-4C6A-BA1F-B6835143F4B0}.Ad-Hoc|x64.Build.0 = Release|Any CPU
		{687C1D0D-39B3-4C6A-BA1F-B6835143F4B0}.Ad-Hoc|x86.ActiveCfg = Release|Any CPU
		{687C1D0D-39B3-4C6A-BA1F-B6835143F4B0}.Ad-Hoc|x86.Build.0 = Release|Any CPU
		{687C1D0D-39B3-4C6A-BA1F-B6835143F4B0}.AppStore|Any CPU.ActiveCfg = Release|Any CPU
		{687C1D0D-39B3-4C6A-BA1F-B6835143F4B0}.AppStore|Any CPU.Build.0 = Release|Any CPU
		{687C1D0D-39B3-4C6A-BA1F-B6835143F4B0}.AppStore|ARM.ActiveCfg = Release|Any CPU
		{687C1D0D-39B3-4C6A-BA1F-B6835143F4B0}.AppStore|ARM.Build.0 = Release|Any CPU
		{687C1D0D-39B3-4C6A-BA1F-B6835143F4B0}.AppStore|iPhone.ActiveCfg = Release|Any CPU
		{687C1D0D-39B3-4C6A-BA1F-B6835143F4B0}.AppStore|iPhone.Build.0 = Release|Any CPU
		{687C1D0D-39B3-4C6A-BA1F-B6835143F4B0}.AppStore|iPhoneSimulator.ActiveCfg = Release|Any CPU
		{687C1D0D-39B3-4C6A-BA1F-B6835143F4B0}.AppStore|iPhoneSimulator.Build.0 = Release|Any CPU
		{687C1D0D-39B3-4C6A-BA1F-B6835143F4B0}.AppStore|x64.ActiveCfg = Release|Any CPU
		{687C1D0D-39B3-4C6A-BA1F-B6835143F4B0}.AppStore|x64.Build.0 = Release|Any CPU
		{687C1D0D-39B3-4C6A-BA1F-B6835143F4B0}.AppStore|x86.ActiveCfg = Release|Any CPU
		{687C1D0D-39B3-4C6A-BA1F-B6835143F4B0}.AppStore|x86.Build.0 = Release|Any CPU
		{687C1D0D-39B3-4C6A-BA1F-B6835143F4B0}.Debug|Any CPU.ActiveCfg = Debug|Any CPU
		{687C1D0D-39B3-4C6A-BA1F-B6835143F4B0}.Debug|Any CPU.Build.0 = Debug|Any CPU
		{687C1D0D-39B3-4C6A-BA1F-B6835143F4B0}.Debug|ARM.ActiveCfg = Debug|Any CPU
		{687C1D0D-39B3-4C6A-BA1F-B6835143F4B0}.Debug|ARM.Build.0 = Debug|Any CPU
		{687C1D0D-39B3-4C6A-BA1F-B6835143F4B0}.Debug|iPhone.ActiveCfg = Debug|Any CPU
		{687C1D0D-39B3-4C6A-BA1F-B6835143F4B0}.Debug|iPhone.Build.0 = Debug|Any CPU
		{687C1D0D-39B3-4C6A-BA1F-B6835143F4B0}.Debug|iPhoneSimulator.ActiveCfg = Debug|Any CPU
		{687C1D0D-39B3-4C6A-BA1F-B6835143F4B0}.Debug|iPhoneSimulator.Build.0 = Debug|Any CPU
		{687C1D0D-39B3-4C6A-BA1F-B6835143F4B0}.Debug|x64.ActiveCfg = Debug|Any CPU
		{687C1D0D-39B3-4C6A-BA1F-B6835143F4B0}.Debug|x64.Build.0 = Debug|Any CPU
		{687C1D0D-39B3-4C6A-BA1F-B6835143F4B0}.Debug|x86.ActiveCfg = Debug|Any CPU
		{687C1D0D-39B3-4C6A-BA1F-B6835143F4B0}.Debug|x86.Build.0 = Debug|Any CPU
		{687C1D0D-39B3-4C6A-BA1F-B6835143F4B0}.Release|Any CPU.ActiveCfg = Release|Any CPU
		{687C1D0D-39B3-4C6A-BA1F-B6835143F4B0}.Release|Any CPU.Build.0 = Release|Any CPU
		{687C1D0D-39B3-4C6A-BA1F-B6835143F4B0}.Release|ARM.ActiveCfg = Release|Any CPU
		{687C1D0D-39B3-4C6A-BA1F-B6835143F4B0}.Release|ARM.Build.0 = Release|Any CPU
		{687C1D0D-39B3-4C6A-BA1F-B6835143F4B0}.Release|iPhone.ActiveCfg = Release|Any CPU
		{687C1D0D-39B3-4C6A-BA1F-B6835143F4B0}.Release|iPhone.Build.0 = Release|Any CPU
		{687C1D0D-39B3-4C6A-BA1F-B6835143F4B0}.Release|iPhoneSimulator.ActiveCfg = Release|Any CPU
		{687C1D0D-39B3-4C6A-BA1F-B6835143F4B0}.Release|iPhoneSimulator.Build.0 = Release|Any CPU
		{687C1D0D-39B3-4C6A-BA1F-B6835143F4B0}.Release|x64.ActiveCfg = Release|Any CPU
		{687C1D0D-39B3-4C6A-BA1F-B6835143F4B0}.Release|x64.Build.0 = Release|Any CPU
		{687C1D0D-39B3-4C6A-BA1F-B6835143F4B0}.Release|x86.ActiveCfg = Release|Any CPU
		{687C1D0D-39B3-4C6A-BA1F-B6835143F4B0}.Release|x86.Build.0 = Release|Any CPU
		{A3AAB3E0-8CF6-49F1-A086-626EBBA2C76A}.Ad-Hoc|Any CPU.ActiveCfg = Release|Any CPU
		{A3AAB3E0-8CF6-49F1-A086-626EBBA2C76A}.Ad-Hoc|Any CPU.Build.0 = Release|Any CPU
		{A3AAB3E0-8CF6-49F1-A086-626EBBA2C76A}.Ad-Hoc|Any CPU.Deploy.0 = Release|Any CPU
		{A3AAB3E0-8CF6-49F1-A086-626EBBA2C76A}.Ad-Hoc|ARM.ActiveCfg = Release|Any CPU
		{A3AAB3E0-8CF6-49F1-A086-626EBBA2C76A}.Ad-Hoc|ARM.Build.0 = Release|Any CPU
		{A3AAB3E0-8CF6-49F1-A086-626EBBA2C76A}.Ad-Hoc|ARM.Deploy.0 = Release|Any CPU
		{A3AAB3E0-8CF6-49F1-A086-626EBBA2C76A}.Ad-Hoc|iPhone.ActiveCfg = Release|Any CPU
		{A3AAB3E0-8CF6-49F1-A086-626EBBA2C76A}.Ad-Hoc|iPhone.Build.0 = Release|Any CPU
		{A3AAB3E0-8CF6-49F1-A086-626EBBA2C76A}.Ad-Hoc|iPhone.Deploy.0 = Release|Any CPU
		{A3AAB3E0-8CF6-49F1-A086-626EBBA2C76A}.Ad-Hoc|iPhoneSimulator.ActiveCfg = Release|Any CPU
		{A3AAB3E0-8CF6-49F1-A086-626EBBA2C76A}.Ad-Hoc|iPhoneSimulator.Build.0 = Release|Any CPU
		{A3AAB3E0-8CF6-49F1-A086-626EBBA2C76A}.Ad-Hoc|iPhoneSimulator.Deploy.0 = Release|Any CPU
		{A3AAB3E0-8CF6-49F1-A086-626EBBA2C76A}.Ad-Hoc|x64.ActiveCfg = Release|Any CPU
		{A3AAB3E0-8CF6-49F1-A086-626EBBA2C76A}.Ad-Hoc|x64.Build.0 = Release|Any CPU
		{A3AAB3E0-8CF6-49F1-A086-626EBBA2C76A}.Ad-Hoc|x64.Deploy.0 = Release|Any CPU
		{A3AAB3E0-8CF6-49F1-A086-626EBBA2C76A}.Ad-Hoc|x86.ActiveCfg = Release|Any CPU
		{A3AAB3E0-8CF6-49F1-A086-626EBBA2C76A}.Ad-Hoc|x86.Build.0 = Release|Any CPU
		{A3AAB3E0-8CF6-49F1-A086-626EBBA2C76A}.Ad-Hoc|x86.Deploy.0 = Release|Any CPU
		{A3AAB3E0-8CF6-49F1-A086-626EBBA2C76A}.AppStore|Any CPU.ActiveCfg = Release|Any CPU
		{A3AAB3E0-8CF6-49F1-A086-626EBBA2C76A}.AppStore|Any CPU.Build.0 = Release|Any CPU
		{A3AAB3E0-8CF6-49F1-A086-626EBBA2C76A}.AppStore|Any CPU.Deploy.0 = Release|Any CPU
		{A3AAB3E0-8CF6-49F1-A086-626EBBA2C76A}.AppStore|ARM.ActiveCfg = Release|Any CPU
		{A3AAB3E0-8CF6-49F1-A086-626EBBA2C76A}.AppStore|ARM.Build.0 = Release|Any CPU
		{A3AAB3E0-8CF6-49F1-A086-626EBBA2C76A}.AppStore|ARM.Deploy.0 = Release|Any CPU
		{A3AAB3E0-8CF6-49F1-A086-626EBBA2C76A}.AppStore|iPhone.ActiveCfg = Release|Any CPU
		{A3AAB3E0-8CF6-49F1-A086-626EBBA2C76A}.AppStore|iPhone.Build.0 = Release|Any CPU
		{A3AAB3E0-8CF6-49F1-A086-626EBBA2C76A}.AppStore|iPhone.Deploy.0 = Release|Any CPU
		{A3AAB3E0-8CF6-49F1-A086-626EBBA2C76A}.AppStore|iPhoneSimulator.ActiveCfg = Release|Any CPU
		{A3AAB3E0-8CF6-49F1-A086-626EBBA2C76A}.AppStore|iPhoneSimulator.Build.0 = Release|Any CPU
		{A3AAB3E0-8CF6-49F1-A086-626EBBA2C76A}.AppStore|iPhoneSimulator.Deploy.0 = Release|Any CPU
		{A3AAB3E0-8CF6-49F1-A086-626EBBA2C76A}.AppStore|x64.ActiveCfg = Release|Any CPU
		{A3AAB3E0-8CF6-49F1-A086-626EBBA2C76A}.AppStore|x64.Build.0 = Release|Any CPU
		{A3AAB3E0-8CF6-49F1-A086-626EBBA2C76A}.AppStore|x64.Deploy.0 = Release|Any CPU
		{A3AAB3E0-8CF6-49F1-A086-626EBBA2C76A}.AppStore|x86.ActiveCfg = Release|Any CPU
		{A3AAB3E0-8CF6-49F1-A086-626EBBA2C76A}.AppStore|x86.Build.0 = Release|Any CPU
		{A3AAB3E0-8CF6-49F1-A086-626EBBA2C76A}.AppStore|x86.Deploy.0 = Release|Any CPU
		{A3AAB3E0-8CF6-49F1-A086-626EBBA2C76A}.Debug|Any CPU.ActiveCfg = Debug|Any CPU
		{A3AAB3E0-8CF6-49F1-A086-626EBBA2C76A}.Debug|Any CPU.Build.0 = Debug|Any CPU
		{A3AAB3E0-8CF6-49F1-A086-626EBBA2C76A}.Debug|Any CPU.Deploy.0 = Debug|Any CPU
		{A3AAB3E0-8CF6-49F1-A086-626EBBA2C76A}.Debug|ARM.ActiveCfg = Debug|Any CPU
		{A3AAB3E0-8CF6-49F1-A086-626EBBA2C76A}.Debug|ARM.Build.0 = Debug|Any CPU
		{A3AAB3E0-8CF6-49F1-A086-626EBBA2C76A}.Debug|ARM.Deploy.0 = Debug|Any CPU
		{A3AAB3E0-8CF6-49F1-A086-626EBBA2C76A}.Debug|iPhone.ActiveCfg = Debug|Any CPU
		{A3AAB3E0-8CF6-49F1-A086-626EBBA2C76A}.Debug|iPhone.Build.0 = Debug|Any CPU
		{A3AAB3E0-8CF6-49F1-A086-626EBBA2C76A}.Debug|iPhone.Deploy.0 = Debug|Any CPU
		{A3AAB3E0-8CF6-49F1-A086-626EBBA2C76A}.Debug|iPhoneSimulator.ActiveCfg = Debug|Any CPU
		{A3AAB3E0-8CF6-49F1-A086-626EBBA2C76A}.Debug|iPhoneSimulator.Build.0 = Debug|Any CPU
		{A3AAB3E0-8CF6-49F1-A086-626EBBA2C76A}.Debug|iPhoneSimulator.Deploy.0 = Debug|Any CPU
		{A3AAB3E0-8CF6-49F1-A086-626EBBA2C76A}.Debug|x64.ActiveCfg = Debug|Any CPU
		{A3AAB3E0-8CF6-49F1-A086-626EBBA2C76A}.Debug|x64.Build.0 = Debug|Any CPU
		{A3AAB3E0-8CF6-49F1-A086-626EBBA2C76A}.Debug|x64.Deploy.0 = Debug|Any CPU
		{A3AAB3E0-8CF6-49F1-A086-626EBBA2C76A}.Debug|x86.ActiveCfg = Debug|Any CPU
		{A3AAB3E0-8CF6-49F1-A086-626EBBA2C76A}.Debug|x86.Build.0 = Debug|Any CPU
		{A3AAB3E0-8CF6-49F1-A086-626EBBA2C76A}.Debug|x86.Deploy.0 = Debug|Any CPU
		{A3AAB3E0-8CF6-49F1-A086-626EBBA2C76A}.Release|Any CPU.ActiveCfg = Release|Any CPU
		{A3AAB3E0-8CF6-49F1-A086-626EBBA2C76A}.Release|Any CPU.Build.0 = Release|Any CPU
		{A3AAB3E0-8CF6-49F1-A086-626EBBA2C76A}.Release|Any CPU.Deploy.0 = Release|Any CPU
		{A3AAB3E0-8CF6-49F1-A086-626EBBA2C76A}.Release|ARM.ActiveCfg = Release|Any CPU
		{A3AAB3E0-8CF6-49F1-A086-626EBBA2C76A}.Release|ARM.Build.0 = Release|Any CPU
		{A3AAB3E0-8CF6-49F1-A086-626EBBA2C76A}.Release|ARM.Deploy.0 = Release|Any CPU
		{A3AAB3E0-8CF6-49F1-A086-626EBBA2C76A}.Release|iPhone.ActiveCfg = Release|Any CPU
		{A3AAB3E0-8CF6-49F1-A086-626EBBA2C76A}.Release|iPhone.Build.0 = Release|Any CPU
		{A3AAB3E0-8CF6-49F1-A086-626EBBA2C76A}.Release|iPhone.Deploy.0 = Release|Any CPU
		{A3AAB3E0-8CF6-49F1-A086-626EBBA2C76A}.Release|iPhoneSimulator.ActiveCfg = Release|Any CPU
		{A3AAB3E0-8CF6-49F1-A086-626EBBA2C76A}.Release|iPhoneSimulator.Build.0 = Release|Any CPU
		{A3AAB3E0-8CF6-49F1-A086-626EBBA2C76A}.Release|iPhoneSimulator.Deploy.0 = Release|Any CPU
		{A3AAB3E0-8CF6-49F1-A086-626EBBA2C76A}.Release|x64.ActiveCfg = Release|Any CPU
		{A3AAB3E0-8CF6-49F1-A086-626EBBA2C76A}.Release|x64.Build.0 = Release|Any CPU
		{A3AAB3E0-8CF6-49F1-A086-626EBBA2C76A}.Release|x64.Deploy.0 = Release|Any CPU
		{A3AAB3E0-8CF6-49F1-A086-626EBBA2C76A}.Release|x86.ActiveCfg = Release|Any CPU
		{A3AAB3E0-8CF6-49F1-A086-626EBBA2C76A}.Release|x86.Build.0 = Release|Any CPU
		{A3AAB3E0-8CF6-49F1-A086-626EBBA2C76A}.Release|x86.Deploy.0 = Release|Any CPU
		{A12E1120-9C97-49E7-87EE-B0F64FF27BF6}.Ad-Hoc|Any CPU.ActiveCfg = Ad-Hoc|iPhone
		{A12E1120-9C97-49E7-87EE-B0F64FF27BF6}.Ad-Hoc|ARM.ActiveCfg = Ad-Hoc|iPhone
		{A12E1120-9C97-49E7-87EE-B0F64FF27BF6}.Ad-Hoc|iPhone.ActiveCfg = Ad-Hoc|iPhone
		{A12E1120-9C97-49E7-87EE-B0F64FF27BF6}.Ad-Hoc|iPhone.Build.0 = Ad-Hoc|iPhone
		{A12E1120-9C97-49E7-87EE-B0F64FF27BF6}.Ad-Hoc|iPhoneSimulator.ActiveCfg = Ad-Hoc|iPhoneSimulator
		{A12E1120-9C97-49E7-87EE-B0F64FF27BF6}.Ad-Hoc|iPhoneSimulator.Build.0 = Ad-Hoc|iPhoneSimulator
		{A12E1120-9C97-49E7-87EE-B0F64FF27BF6}.Ad-Hoc|x64.ActiveCfg = Ad-Hoc|iPhone
		{A12E1120-9C97-49E7-87EE-B0F64FF27BF6}.Ad-Hoc|x86.ActiveCfg = Ad-Hoc|iPhone
		{A12E1120-9C97-49E7-87EE-B0F64FF27BF6}.AppStore|Any CPU.ActiveCfg = AppStore|iPhone
		{A12E1120-9C97-49E7-87EE-B0F64FF27BF6}.AppStore|ARM.ActiveCfg = AppStore|iPhone
		{A12E1120-9C97-49E7-87EE-B0F64FF27BF6}.AppStore|iPhone.ActiveCfg = AppStore|iPhone
		{A12E1120-9C97-49E7-87EE-B0F64FF27BF6}.AppStore|iPhone.Build.0 = AppStore|iPhone
		{A12E1120-9C97-49E7-87EE-B0F64FF27BF6}.AppStore|iPhoneSimulator.ActiveCfg = AppStore|iPhoneSimulator
		{A12E1120-9C97-49E7-87EE-B0F64FF27BF6}.AppStore|iPhoneSimulator.Build.0 = AppStore|iPhoneSimulator
		{A12E1120-9C97-49E7-87EE-B0F64FF27BF6}.AppStore|x64.ActiveCfg = AppStore|iPhone
		{A12E1120-9C97-49E7-87EE-B0F64FF27BF6}.AppStore|x86.ActiveCfg = AppStore|iPhone
		{A12E1120-9C97-49E7-87EE-B0F64FF27BF6}.Debug|Any CPU.ActiveCfg = Debug|iPhone
		{A12E1120-9C97-49E7-87EE-B0F64FF27BF6}.Debug|ARM.ActiveCfg = Debug|iPhone
		{A12E1120-9C97-49E7-87EE-B0F64FF27BF6}.Debug|iPhone.ActiveCfg = Debug|iPhone
		{A12E1120-9C97-49E7-87EE-B0F64FF27BF6}.Debug|iPhone.Build.0 = Debug|iPhone
		{A12E1120-9C97-49E7-87EE-B0F64FF27BF6}.Debug|iPhoneSimulator.ActiveCfg = Debug|iPhoneSimulator
		{A12E1120-9C97-49E7-87EE-B0F64FF27BF6}.Debug|iPhoneSimulator.Build.0 = Debug|iPhoneSimulator
		{A12E1120-9C97-49E7-87EE-B0F64FF27BF6}.Debug|x64.ActiveCfg = Debug|iPhone
		{A12E1120-9C97-49E7-87EE-B0F64FF27BF6}.Debug|x86.ActiveCfg = Debug|iPhone
		{A12E1120-9C97-49E7-87EE-B0F64FF27BF6}.Release|Any CPU.ActiveCfg = Release|iPhone
		{A12E1120-9C97-49E7-87EE-B0F64FF27BF6}.Release|ARM.ActiveCfg = Release|iPhone
		{A12E1120-9C97-49E7-87EE-B0F64FF27BF6}.Release|iPhone.ActiveCfg = Release|iPhone
		{A12E1120-9C97-49E7-87EE-B0F64FF27BF6}.Release|iPhone.Build.0 = Release|iPhone
		{A12E1120-9C97-49E7-87EE-B0F64FF27BF6}.Release|iPhoneSimulator.ActiveCfg = Release|iPhoneSimulator
		{A12E1120-9C97-49E7-87EE-B0F64FF27BF6}.Release|iPhoneSimulator.Build.0 = Release|iPhoneSimulator
		{A12E1120-9C97-49E7-87EE-B0F64FF27BF6}.Release|x64.ActiveCfg = Release|iPhone
		{A12E1120-9C97-49E7-87EE-B0F64FF27BF6}.Release|x86.ActiveCfg = Release|iPhone
		{BFA3658E-8672-49CB-A325-3A9CBEBD3CB9}.Ad-Hoc|Any CPU.ActiveCfg = Release|Any CPU
		{BFA3658E-8672-49CB-A325-3A9CBEBD3CB9}.Ad-Hoc|Any CPU.Build.0 = Release|Any CPU
		{BFA3658E-8672-49CB-A325-3A9CBEBD3CB9}.Ad-Hoc|Any CPU.Deploy.0 = Release|Any CPU
		{BFA3658E-8672-49CB-A325-3A9CBEBD3CB9}.Ad-Hoc|ARM.ActiveCfg = Release|ARM
		{BFA3658E-8672-49CB-A325-3A9CBEBD3CB9}.Ad-Hoc|ARM.Build.0 = Release|ARM
		{BFA3658E-8672-49CB-A325-3A9CBEBD3CB9}.Ad-Hoc|ARM.Deploy.0 = Release|ARM
		{BFA3658E-8672-49CB-A325-3A9CBEBD3CB9}.Ad-Hoc|iPhone.ActiveCfg = Release|Any CPU
		{BFA3658E-8672-49CB-A325-3A9CBEBD3CB9}.Ad-Hoc|iPhone.Build.0 = Release|Any CPU
		{BFA3658E-8672-49CB-A325-3A9CBEBD3CB9}.Ad-Hoc|iPhone.Deploy.0 = Release|Any CPU
		{BFA3658E-8672-49CB-A325-3A9CBEBD3CB9}.Ad-Hoc|iPhoneSimulator.ActiveCfg = Release|Any CPU
		{BFA3658E-8672-49CB-A325-3A9CBEBD3CB9}.Ad-Hoc|iPhoneSimulator.Build.0 = Release|Any CPU
		{BFA3658E-8672-49CB-A325-3A9CBEBD3CB9}.Ad-Hoc|iPhoneSimulator.Deploy.0 = Release|Any CPU
		{BFA3658E-8672-49CB-A325-3A9CBEBD3CB9}.Ad-Hoc|x64.ActiveCfg = Release|Any CPU
		{BFA3658E-8672-49CB-A325-3A9CBEBD3CB9}.Ad-Hoc|x64.Build.0 = Release|Any CPU
		{BFA3658E-8672-49CB-A325-3A9CBEBD3CB9}.Ad-Hoc|x64.Deploy.0 = Release|Any CPU
		{BFA3658E-8672-49CB-A325-3A9CBEBD3CB9}.Ad-Hoc|x86.ActiveCfg = Release|x86
		{BFA3658E-8672-49CB-A325-3A9CBEBD3CB9}.Ad-Hoc|x86.Build.0 = Release|x86
		{BFA3658E-8672-49CB-A325-3A9CBEBD3CB9}.Ad-Hoc|x86.Deploy.0 = Release|x86
		{BFA3658E-8672-49CB-A325-3A9CBEBD3CB9}.AppStore|Any CPU.ActiveCfg = Release|Any CPU
		{BFA3658E-8672-49CB-A325-3A9CBEBD3CB9}.AppStore|Any CPU.Build.0 = Release|Any CPU
		{BFA3658E-8672-49CB-A325-3A9CBEBD3CB9}.AppStore|Any CPU.Deploy.0 = Release|Any CPU
		{BFA3658E-8672-49CB-A325-3A9CBEBD3CB9}.AppStore|ARM.ActiveCfg = Release|ARM
		{BFA3658E-8672-49CB-A325-3A9CBEBD3CB9}.AppStore|ARM.Build.0 = Release|ARM
		{BFA3658E-8672-49CB-A325-3A9CBEBD3CB9}.AppStore|ARM.Deploy.0 = Release|ARM
		{BFA3658E-8672-49CB-A325-3A9CBEBD3CB9}.AppStore|iPhone.ActiveCfg = Release|Any CPU
		{BFA3658E-8672-49CB-A325-3A9CBEBD3CB9}.AppStore|iPhone.Build.0 = Release|Any CPU
		{BFA3658E-8672-49CB-A325-3A9CBEBD3CB9}.AppStore|iPhone.Deploy.0 = Release|Any CPU
		{BFA3658E-8672-49CB-A325-3A9CBEBD3CB9}.AppStore|iPhoneSimulator.ActiveCfg = Release|Any CPU
		{BFA3658E-8672-49CB-A325-3A9CBEBD3CB9}.AppStore|iPhoneSimulator.Build.0 = Release|Any CPU
		{BFA3658E-8672-49CB-A325-3A9CBEBD3CB9}.AppStore|iPhoneSimulator.Deploy.0 = Release|Any CPU
		{BFA3658E-8672-49CB-A325-3A9CBEBD3CB9}.AppStore|x64.ActiveCfg = Release|Any CPU
		{BFA3658E-8672-49CB-A325-3A9CBEBD3CB9}.AppStore|x64.Build.0 = Release|Any CPU
		{BFA3658E-8672-49CB-A325-3A9CBEBD3CB9}.AppStore|x64.Deploy.0 = Release|Any CPU
		{BFA3658E-8672-49CB-A325-3A9CBEBD3CB9}.AppStore|x86.ActiveCfg = Release|x86
		{BFA3658E-8672-49CB-A325-3A9CBEBD3CB9}.AppStore|x86.Build.0 = Release|x86
		{BFA3658E-8672-49CB-A325-3A9CBEBD3CB9}.AppStore|x86.Deploy.0 = Release|x86
		{BFA3658E-8672-49CB-A325-3A9CBEBD3CB9}.Debug|Any CPU.ActiveCfg = Debug|Any CPU
		{BFA3658E-8672-49CB-A325-3A9CBEBD3CB9}.Debug|Any CPU.Build.0 = Debug|Any CPU
		{BFA3658E-8672-49CB-A325-3A9CBEBD3CB9}.Debug|Any CPU.Deploy.0 = Debug|Any CPU
		{BFA3658E-8672-49CB-A325-3A9CBEBD3CB9}.Debug|ARM.ActiveCfg = Debug|ARM
		{BFA3658E-8672-49CB-A325-3A9CBEBD3CB9}.Debug|ARM.Build.0 = Debug|ARM
		{BFA3658E-8672-49CB-A325-3A9CBEBD3CB9}.Debug|ARM.Deploy.0 = Debug|ARM
		{BFA3658E-8672-49CB-A325-3A9CBEBD3CB9}.Debug|iPhone.ActiveCfg = Debug|Any CPU
		{BFA3658E-8672-49CB-A325-3A9CBEBD3CB9}.Debug|iPhone.Build.0 = Debug|Any CPU
		{BFA3658E-8672-49CB-A325-3A9CBEBD3CB9}.Debug|iPhone.Deploy.0 = Debug|Any CPU
		{BFA3658E-8672-49CB-A325-3A9CBEBD3CB9}.Debug|iPhoneSimulator.ActiveCfg = Debug|Any CPU
		{BFA3658E-8672-49CB-A325-3A9CBEBD3CB9}.Debug|iPhoneSimulator.Build.0 = Debug|Any CPU
		{BFA3658E-8672-49CB-A325-3A9CBEBD3CB9}.Debug|iPhoneSimulator.Deploy.0 = Debug|Any CPU
		{BFA3658E-8672-49CB-A325-3A9CBEBD3CB9}.Debug|x64.ActiveCfg = Debug|Any CPU
		{BFA3658E-8672-49CB-A325-3A9CBEBD3CB9}.Debug|x64.Build.0 = Debug|Any CPU
		{BFA3658E-8672-49CB-A325-3A9CBEBD3CB9}.Debug|x64.Deploy.0 = Debug|Any CPU
		{BFA3658E-8672-49CB-A325-3A9CBEBD3CB9}.Debug|x86.ActiveCfg = Debug|x86
		{BFA3658E-8672-49CB-A325-3A9CBEBD3CB9}.Debug|x86.Build.0 = Debug|x86
		{BFA3658E-8672-49CB-A325-3A9CBEBD3CB9}.Debug|x86.Deploy.0 = Debug|x86
		{BFA3658E-8672-49CB-A325-3A9CBEBD3CB9}.Release|Any CPU.ActiveCfg = Release|Any CPU
		{BFA3658E-8672-49CB-A325-3A9CBEBD3CB9}.Release|Any CPU.Build.0 = Release|Any CPU
		{BFA3658E-8672-49CB-A325-3A9CBEBD3CB9}.Release|Any CPU.Deploy.0 = Release|Any CPU
		{BFA3658E-8672-49CB-A325-3A9CBEBD3CB9}.Release|ARM.ActiveCfg = Release|ARM
		{BFA3658E-8672-49CB-A325-3A9CBEBD3CB9}.Release|ARM.Build.0 = Release|ARM
		{BFA3658E-8672-49CB-A325-3A9CBEBD3CB9}.Release|ARM.Deploy.0 = Release|ARM
		{BFA3658E-8672-49CB-A325-3A9CBEBD3CB9}.Release|iPhone.ActiveCfg = Release|Any CPU
		{BFA3658E-8672-49CB-A325-3A9CBEBD3CB9}.Release|iPhone.Build.0 = Release|Any CPU
		{BFA3658E-8672-49CB-A325-3A9CBEBD3CB9}.Release|iPhone.Deploy.0 = Release|Any CPU
		{BFA3658E-8672-49CB-A325-3A9CBEBD3CB9}.Release|iPhoneSimulator.ActiveCfg = Release|Any CPU
		{BFA3658E-8672-49CB-A325-3A9CBEBD3CB9}.Release|iPhoneSimulator.Build.0 = Release|Any CPU
		{BFA3658E-8672-49CB-A325-3A9CBEBD3CB9}.Release|iPhoneSimulator.Deploy.0 = Release|Any CPU
		{BFA3658E-8672-49CB-A325-3A9CBEBD3CB9}.Release|x64.ActiveCfg = Release|Any CPU
		{BFA3658E-8672-49CB-A325-3A9CBEBD3CB9}.Release|x64.Build.0 = Release|Any CPU
		{BFA3658E-8672-49CB-A325-3A9CBEBD3CB9}.Release|x64.Deploy.0 = Release|Any CPU
		{BFA3658E-8672-49CB-A325-3A9CBEBD3CB9}.Release|x86.ActiveCfg = Release|x86
		{BFA3658E-8672-49CB-A325-3A9CBEBD3CB9}.Release|x86.Build.0 = Release|x86
		{BFA3658E-8672-49CB-A325-3A9CBEBD3CB9}.Release|x86.Deploy.0 = Release|x86
		{57AF5651-9D59-4458-8FF6-AC39232BA688}.Ad-Hoc|Any CPU.ActiveCfg = Release|x86
		{57AF5651-9D59-4458-8FF6-AC39232BA688}.Ad-Hoc|Any CPU.Build.0 = Release|x86
		{57AF5651-9D59-4458-8FF6-AC39232BA688}.Ad-Hoc|Any CPU.Deploy.0 = Release|x86
		{57AF5651-9D59-4458-8FF6-AC39232BA688}.Ad-Hoc|ARM.ActiveCfg = Release|ARM
		{57AF5651-9D59-4458-8FF6-AC39232BA688}.Ad-Hoc|ARM.Build.0 = Release|ARM
		{57AF5651-9D59-4458-8FF6-AC39232BA688}.Ad-Hoc|ARM.Deploy.0 = Release|ARM
		{57AF5651-9D59-4458-8FF6-AC39232BA688}.Ad-Hoc|iPhone.ActiveCfg = Release|x86
		{57AF5651-9D59-4458-8FF6-AC39232BA688}.Ad-Hoc|iPhone.Build.0 = Release|x86
		{57AF5651-9D59-4458-8FF6-AC39232BA688}.Ad-Hoc|iPhone.Deploy.0 = Release|x86
		{57AF5651-9D59-4458-8FF6-AC39232BA688}.Ad-Hoc|iPhoneSimulator.ActiveCfg = Release|x86
		{57AF5651-9D59-4458-8FF6-AC39232BA688}.Ad-Hoc|iPhoneSimulator.Build.0 = Release|x86
		{57AF5651-9D59-4458-8FF6-AC39232BA688}.Ad-Hoc|iPhoneSimulator.Deploy.0 = Release|x86
		{57AF5651-9D59-4458-8FF6-AC39232BA688}.Ad-Hoc|x64.ActiveCfg = Release|x64
		{57AF5651-9D59-4458-8FF6-AC39232BA688}.Ad-Hoc|x64.Build.0 = Release|x64
		{57AF5651-9D59-4458-8FF6-AC39232BA688}.Ad-Hoc|x64.Deploy.0 = Release|x64
		{57AF5651-9D59-4458-8FF6-AC39232BA688}.Ad-Hoc|x86.ActiveCfg = Release|x86
		{57AF5651-9D59-4458-8FF6-AC39232BA688}.Ad-Hoc|x86.Build.0 = Release|x86
		{57AF5651-9D59-4458-8FF6-AC39232BA688}.Ad-Hoc|x86.Deploy.0 = Release|x86
		{57AF5651-9D59-4458-8FF6-AC39232BA688}.AppStore|Any CPU.ActiveCfg = Release|x86
		{57AF5651-9D59-4458-8FF6-AC39232BA688}.AppStore|Any CPU.Build.0 = Release|x86
		{57AF5651-9D59-4458-8FF6-AC39232BA688}.AppStore|Any CPU.Deploy.0 = Release|x86
		{57AF5651-9D59-4458-8FF6-AC39232BA688}.AppStore|ARM.ActiveCfg = Release|ARM
		{57AF5651-9D59-4458-8FF6-AC39232BA688}.AppStore|ARM.Build.0 = Release|ARM
		{57AF5651-9D59-4458-8FF6-AC39232BA688}.AppStore|ARM.Deploy.0 = Release|ARM
		{57AF5651-9D59-4458-8FF6-AC39232BA688}.AppStore|iPhone.ActiveCfg = Release|x86
		{57AF5651-9D59-4458-8FF6-AC39232BA688}.AppStore|iPhone.Build.0 = Release|x86
		{57AF5651-9D59-4458-8FF6-AC39232BA688}.AppStore|iPhone.Deploy.0 = Release|x86
		{57AF5651-9D59-4458-8FF6-AC39232BA688}.AppStore|iPhoneSimulator.ActiveCfg = Release|x86
		{57AF5651-9D59-4458-8FF6-AC39232BA688}.AppStore|iPhoneSimulator.Build.0 = Release|x86
		{57AF5651-9D59-4458-8FF6-AC39232BA688}.AppStore|iPhoneSimulator.Deploy.0 = Release|x86
		{57AF5651-9D59-4458-8FF6-AC39232BA688}.AppStore|x64.ActiveCfg = Release|x64
		{57AF5651-9D59-4458-8FF6-AC39232BA688}.AppStore|x64.Build.0 = Release|x64
		{57AF5651-9D59-4458-8FF6-AC39232BA688}.AppStore|x64.Deploy.0 = Release|x64
		{57AF5651-9D59-4458-8FF6-AC39232BA688}.AppStore|x86.ActiveCfg = Release|x86
		{57AF5651-9D59-4458-8FF6-AC39232BA688}.AppStore|x86.Build.0 = Release|x86
		{57AF5651-9D59-4458-8FF6-AC39232BA688}.AppStore|x86.Deploy.0 = Release|x86
		{57AF5651-9D59-4458-8FF6-AC39232BA688}.Debug|Any CPU.ActiveCfg = Debug|x86
		{57AF5651-9D59-4458-8FF6-AC39232BA688}.Debug|Any CPU.Build.0 = Debug|x86
		{57AF5651-9D59-4458-8FF6-AC39232BA688}.Debug|Any CPU.Deploy.0 = Debug|x86
		{57AF5651-9D59-4458-8FF6-AC39232BA688}.Debug|ARM.ActiveCfg = Debug|ARM
		{57AF5651-9D59-4458-8FF6-AC39232BA688}.Debug|ARM.Build.0 = Debug|ARM
		{57AF5651-9D59-4458-8FF6-AC39232BA688}.Debug|ARM.Deploy.0 = Debug|ARM
		{57AF5651-9D59-4458-8FF6-AC39232BA688}.Debug|iPhone.ActiveCfg = Debug|x86
		{57AF5651-9D59-4458-8FF6-AC39232BA688}.Debug|iPhoneSimulator.ActiveCfg = Debug|x86
		{57AF5651-9D59-4458-8FF6-AC39232BA688}.Debug|x64.ActiveCfg = Debug|x64
		{57AF5651-9D59-4458-8FF6-AC39232BA688}.Debug|x64.Build.0 = Debug|x64
		{57AF5651-9D59-4458-8FF6-AC39232BA688}.Debug|x64.Deploy.0 = Debug|x64
		{57AF5651-9D59-4458-8FF6-AC39232BA688}.Debug|x86.ActiveCfg = Debug|x86
		{57AF5651-9D59-4458-8FF6-AC39232BA688}.Debug|x86.Build.0 = Debug|x86
		{57AF5651-9D59-4458-8FF6-AC39232BA688}.Debug|x86.Deploy.0 = Debug|x86
		{57AF5651-9D59-4458-8FF6-AC39232BA688}.Release|Any CPU.ActiveCfg = Release|x86
		{57AF5651-9D59-4458-8FF6-AC39232BA688}.Release|ARM.ActiveCfg = Release|ARM
		{57AF5651-9D59-4458-8FF6-AC39232BA688}.Release|ARM.Build.0 = Release|ARM
		{57AF5651-9D59-4458-8FF6-AC39232BA688}.Release|ARM.Deploy.0 = Release|ARM
		{57AF5651-9D59-4458-8FF6-AC39232BA688}.Release|iPhone.ActiveCfg = Release|x86
		{57AF5651-9D59-4458-8FF6-AC39232BA688}.Release|iPhoneSimulator.ActiveCfg = Release|x86
		{57AF5651-9D59-4458-8FF6-AC39232BA688}.Release|x64.ActiveCfg = Release|x64
		{57AF5651-9D59-4458-8FF6-AC39232BA688}.Release|x64.Build.0 = Release|x64
		{57AF5651-9D59-4458-8FF6-AC39232BA688}.Release|x64.Deploy.0 = Release|x64
		{57AF5651-9D59-4458-8FF6-AC39232BA688}.Release|x86.ActiveCfg = Release|x86
		{57AF5651-9D59-4458-8FF6-AC39232BA688}.Release|x86.Build.0 = Release|x86
		{57AF5651-9D59-4458-8FF6-AC39232BA688}.Release|x86.Deploy.0 = Release|x86
		{8337AE93-35D7-47E6-A651-92C8AD123A21}.Ad-Hoc|Any CPU.ActiveCfg = Release|Any CPU
		{8337AE93-35D7-47E6-A651-92C8AD123A21}.Ad-Hoc|Any CPU.Build.0 = Release|Any CPU
		{8337AE93-35D7-47E6-A651-92C8AD123A21}.Ad-Hoc|Any CPU.Deploy.0 = Release|Any CPU
		{8337AE93-35D7-47E6-A651-92C8AD123A21}.Ad-Hoc|ARM.ActiveCfg = Release|ARM
		{8337AE93-35D7-47E6-A651-92C8AD123A21}.Ad-Hoc|ARM.Build.0 = Release|ARM
		{8337AE93-35D7-47E6-A651-92C8AD123A21}.Ad-Hoc|ARM.Deploy.0 = Release|ARM
		{8337AE93-35D7-47E6-A651-92C8AD123A21}.Ad-Hoc|iPhone.ActiveCfg = Release|Any CPU
		{8337AE93-35D7-47E6-A651-92C8AD123A21}.Ad-Hoc|iPhone.Build.0 = Release|Any CPU
		{8337AE93-35D7-47E6-A651-92C8AD123A21}.Ad-Hoc|iPhone.Deploy.0 = Release|Any CPU
		{8337AE93-35D7-47E6-A651-92C8AD123A21}.Ad-Hoc|iPhoneSimulator.ActiveCfg = Release|Any CPU
		{8337AE93-35D7-47E6-A651-92C8AD123A21}.Ad-Hoc|iPhoneSimulator.Build.0 = Release|Any CPU
		{8337AE93-35D7-47E6-A651-92C8AD123A21}.Ad-Hoc|iPhoneSimulator.Deploy.0 = Release|Any CPU
		{8337AE93-35D7-47E6-A651-92C8AD123A21}.Ad-Hoc|x64.ActiveCfg = Release|x64
		{8337AE93-35D7-47E6-A651-92C8AD123A21}.Ad-Hoc|x64.Build.0 = Release|x64
		{8337AE93-35D7-47E6-A651-92C8AD123A21}.Ad-Hoc|x64.Deploy.0 = Release|x64
		{8337AE93-35D7-47E6-A651-92C8AD123A21}.Ad-Hoc|x86.ActiveCfg = Release|x86
		{8337AE93-35D7-47E6-A651-92C8AD123A21}.Ad-Hoc|x86.Build.0 = Release|x86
		{8337AE93-35D7-47E6-A651-92C8AD123A21}.Ad-Hoc|x86.Deploy.0 = Release|x86
		{8337AE93-35D7-47E6-A651-92C8AD123A21}.AppStore|Any CPU.ActiveCfg = Release|Any CPU
		{8337AE93-35D7-47E6-A651-92C8AD123A21}.AppStore|Any CPU.Build.0 = Release|Any CPU
		{8337AE93-35D7-47E6-A651-92C8AD123A21}.AppStore|Any CPU.Deploy.0 = Release|Any CPU
		{8337AE93-35D7-47E6-A651-92C8AD123A21}.AppStore|ARM.ActiveCfg = Release|ARM
		{8337AE93-35D7-47E6-A651-92C8AD123A21}.AppStore|ARM.Build.0 = Release|ARM
		{8337AE93-35D7-47E6-A651-92C8AD123A21}.AppStore|ARM.Deploy.0 = Release|ARM
		{8337AE93-35D7-47E6-A651-92C8AD123A21}.AppStore|iPhone.ActiveCfg = Release|Any CPU
		{8337AE93-35D7-47E6-A651-92C8AD123A21}.AppStore|iPhone.Build.0 = Release|Any CPU
		{8337AE93-35D7-47E6-A651-92C8AD123A21}.AppStore|iPhone.Deploy.0 = Release|Any CPU
		{8337AE93-35D7-47E6-A651-92C8AD123A21}.AppStore|iPhoneSimulator.ActiveCfg = Release|Any CPU
		{8337AE93-35D7-47E6-A651-92C8AD123A21}.AppStore|iPhoneSimulator.Build.0 = Release|Any CPU
		{8337AE93-35D7-47E6-A651-92C8AD123A21}.AppStore|iPhoneSimulator.Deploy.0 = Release|Any CPU
		{8337AE93-35D7-47E6-A651-92C8AD123A21}.AppStore|x64.ActiveCfg = Release|x64
		{8337AE93-35D7-47E6-A651-92C8AD123A21}.AppStore|x64.Build.0 = Release|x64
		{8337AE93-35D7-47E6-A651-92C8AD123A21}.AppStore|x64.Deploy.0 = Release|x64
		{8337AE93-35D7-47E6-A651-92C8AD123A21}.AppStore|x86.ActiveCfg = Release|x86
		{8337AE93-35D7-47E6-A651-92C8AD123A21}.AppStore|x86.Build.0 = Release|x86
		{8337AE93-35D7-47E6-A651-92C8AD123A21}.AppStore|x86.Deploy.0 = Release|x86
		{8337AE93-35D7-47E6-A651-92C8AD123A21}.Debug|Any CPU.ActiveCfg = Debug|Any CPU
		{8337AE93-35D7-47E6-A651-92C8AD123A21}.Debug|Any CPU.Build.0 = Debug|Any CPU
		{8337AE93-35D7-47E6-A651-92C8AD123A21}.Debug|Any CPU.Deploy.0 = Debug|Any CPU
		{8337AE93-35D7-47E6-A651-92C8AD123A21}.Debug|ARM.ActiveCfg = Debug|ARM
		{8337AE93-35D7-47E6-A651-92C8AD123A21}.Debug|ARM.Build.0 = Debug|ARM
		{8337AE93-35D7-47E6-A651-92C8AD123A21}.Debug|ARM.Deploy.0 = Debug|ARM
		{8337AE93-35D7-47E6-A651-92C8AD123A21}.Debug|iPhone.ActiveCfg = Debug|Any CPU
		{8337AE93-35D7-47E6-A651-92C8AD123A21}.Debug|iPhone.Build.0 = Debug|Any CPU
		{8337AE93-35D7-47E6-A651-92C8AD123A21}.Debug|iPhone.Deploy.0 = Debug|Any CPU
		{8337AE93-35D7-47E6-A651-92C8AD123A21}.Debug|iPhoneSimulator.ActiveCfg = Debug|Any CPU
		{8337AE93-35D7-47E6-A651-92C8AD123A21}.Debug|iPhoneSimulator.Build.0 = Debug|Any CPU
		{8337AE93-35D7-47E6-A651-92C8AD123A21}.Debug|iPhoneSimulator.Deploy.0 = Debug|Any CPU
		{8337AE93-35D7-47E6-A651-92C8AD123A21}.Debug|x64.ActiveCfg = Debug|x64
		{8337AE93-35D7-47E6-A651-92C8AD123A21}.Debug|x64.Build.0 = Debug|x64
		{8337AE93-35D7-47E6-A651-92C8AD123A21}.Debug|x64.Deploy.0 = Debug|x64
		{8337AE93-35D7-47E6-A651-92C8AD123A21}.Debug|x86.ActiveCfg = Debug|x86
		{8337AE93-35D7-47E6-A651-92C8AD123A21}.Debug|x86.Build.0 = Debug|x86
		{8337AE93-35D7-47E6-A651-92C8AD123A21}.Debug|x86.Deploy.0 = Debug|x86
		{8337AE93-35D7-47E6-A651-92C8AD123A21}.Release|Any CPU.ActiveCfg = Release|Any CPU
		{8337AE93-35D7-47E6-A651-92C8AD123A21}.Release|Any CPU.Build.0 = Release|Any CPU
		{8337AE93-35D7-47E6-A651-92C8AD123A21}.Release|Any CPU.Deploy.0 = Release|Any CPU
		{8337AE93-35D7-47E6-A651-92C8AD123A21}.Release|ARM.ActiveCfg = Release|ARM
		{8337AE93-35D7-47E6-A651-92C8AD123A21}.Release|ARM.Build.0 = Release|ARM
		{8337AE93-35D7-47E6-A651-92C8AD123A21}.Release|ARM.Deploy.0 = Release|ARM
		{8337AE93-35D7-47E6-A651-92C8AD123A21}.Release|iPhone.ActiveCfg = Release|Any CPU
		{8337AE93-35D7-47E6-A651-92C8AD123A21}.Release|iPhone.Build.0 = Release|Any CPU
		{8337AE93-35D7-47E6-A651-92C8AD123A21}.Release|iPhone.Deploy.0 = Release|Any CPU
		{8337AE93-35D7-47E6-A651-92C8AD123A21}.Release|iPhoneSimulator.ActiveCfg = Release|Any CPU
		{8337AE93-35D7-47E6-A651-92C8AD123A21}.Release|iPhoneSimulator.Build.0 = Release|Any CPU
		{8337AE93-35D7-47E6-A651-92C8AD123A21}.Release|iPhoneSimulator.Deploy.0 = Release|Any CPU
		{8337AE93-35D7-47E6-A651-92C8AD123A21}.Release|x64.ActiveCfg = Release|x64
		{8337AE93-35D7-47E6-A651-92C8AD123A21}.Release|x64.Build.0 = Release|x64
		{8337AE93-35D7-47E6-A651-92C8AD123A21}.Release|x64.Deploy.0 = Release|x64
		{8337AE93-35D7-47E6-A651-92C8AD123A21}.Release|x86.ActiveCfg = Release|x86
		{8337AE93-35D7-47E6-A651-92C8AD123A21}.Release|x86.Build.0 = Release|x86
		{8337AE93-35D7-47E6-A651-92C8AD123A21}.Release|x86.Deploy.0 = Release|x86
	EndGlobalSection
	GlobalSection(SolutionProperties) = preSolution
		HideSolutionNode = FALSE
	EndGlobalSection
EndGlobal
