
Microsoft Visual Studio Solution File, Format Version 12.00
# Visual Studio 14
VisualStudioVersion = 14.0.25420.1
MinimumVisualStudioVersion = 10.0.40219.1
Project("{FAE04EC0-301F-11D3-BF4B-00C04F79EFBC}") = "Apresentacao", "Apresentacao\Apresentacao.csproj", "{E7B4175C-B12A-49C0-8FB8-477B4248B352}"
EndProject
Project("{FAE04EC0-301F-11D3-BF4B-00C04F79EFBC}") = "SGEA_Call", "SGEA Call\SGEA_Call.csproj", "{1D76487C-FD4A-420D-815C-A76F5744E0B5}"
EndProject
Project("{FAE04EC0-301F-11D3-BF4B-00C04F79EFBC}") = "SGEA", "SGEA\SGEA.csproj", "{979F00CE-A372-4184-A557-D319EF04F9CE}"
EndProject
Project("{54435603-DBB4-11D2-8724-00A0C9A8B90C}") = "Setup", "Setup\Setup.vdproj", "{0D35F54E-AC0C-4EEC-A69B-0FD34586D16B}"
EndProject
Project("{54435603-DBB4-11D2-8724-00A0C9A8B90C}") = "ApresentacaoSetup", "ApresentacaoSetup\ApresentacaoSetup.vdproj", "{2F73EC4E-A8DA-4912-91A1-CD323D87F794}"
EndProject
Global
	GlobalSection(SolutionConfigurationPlatforms) = preSolution
		CD_ROM|Any CPU = CD_ROM|Any CPU
		CD_ROM|x64 = CD_ROM|x64
		CD_ROM|x86 = CD_ROM|x86
		Debug|Any CPU = Debug|Any CPU
		Debug|x64 = Debug|x64
		Debug|x86 = Debug|x86
		DVD-5|Any CPU = DVD-5|Any CPU
		DVD-5|x64 = DVD-5|x64
		DVD-5|x86 = DVD-5|x86
		Release|Any CPU = Release|Any CPU
		Release|x64 = Release|x64
		Release|x86 = Release|x86
		SingleImage|Any CPU = SingleImage|Any CPU
		SingleImage|x64 = SingleImage|x64
		SingleImage|x86 = SingleImage|x86
	EndGlobalSection
	GlobalSection(ProjectConfigurationPlatforms) = postSolution
		{E7B4175C-B12A-49C0-8FB8-477B4248B352}.CD_ROM|Any CPU.ActiveCfg = Release|Any CPU
		{E7B4175C-B12A-49C0-8FB8-477B4248B352}.CD_ROM|Any CPU.Build.0 = Release|Any CPU
		{E7B4175C-B12A-49C0-8FB8-477B4248B352}.CD_ROM|x64.ActiveCfg = Release|x64
		{E7B4175C-B12A-49C0-8FB8-477B4248B352}.CD_ROM|x64.Build.0 = Release|x64
		{E7B4175C-B12A-49C0-8FB8-477B4248B352}.CD_ROM|x86.ActiveCfg = Release|x86
		{E7B4175C-B12A-49C0-8FB8-477B4248B352}.CD_ROM|x86.Build.0 = Release|x86
		{E7B4175C-B12A-49C0-8FB8-477B4248B352}.Debug|Any CPU.ActiveCfg = Debug|x64
		{E7B4175C-B12A-49C0-8FB8-477B4248B352}.Debug|Any CPU.Build.0 = Debug|x64
		{E7B4175C-B12A-49C0-8FB8-477B4248B352}.Debug|x64.ActiveCfg = Debug|x64
		{E7B4175C-B12A-49C0-8FB8-477B4248B352}.Debug|x64.Build.0 = Debug|x64
		{E7B4175C-B12A-49C0-8FB8-477B4248B352}.Debug|x86.ActiveCfg = Debug|x64
		{E7B4175C-B12A-49C0-8FB8-477B4248B352}.Debug|x86.Build.0 = Debug|x64
		{E7B4175C-B12A-49C0-8FB8-477B4248B352}.DVD-5|Any CPU.ActiveCfg = Debug|Any CPU
		{E7B4175C-B12A-49C0-8FB8-477B4248B352}.DVD-5|Any CPU.Build.0 = Debug|Any CPU
		{E7B4175C-B12A-49C0-8FB8-477B4248B352}.DVD-5|x64.ActiveCfg = Debug|x64
		{E7B4175C-B12A-49C0-8FB8-477B4248B352}.DVD-5|x64.Build.0 = Debug|x64
		{E7B4175C-B12A-49C0-8FB8-477B4248B352}.DVD-5|x86.ActiveCfg = Debug|x86
		{E7B4175C-B12A-49C0-8FB8-477B4248B352}.DVD-5|x86.Build.0 = Debug|x86
		{E7B4175C-B12A-49C0-8FB8-477B4248B352}.Release|Any CPU.ActiveCfg = Release|Any CPU
		{E7B4175C-B12A-49C0-8FB8-477B4248B352}.Release|Any CPU.Build.0 = Release|Any CPU
		{E7B4175C-B12A-49C0-8FB8-477B4248B352}.Release|x64.ActiveCfg = Release|Any CPU
		{E7B4175C-B12A-49C0-8FB8-477B4248B352}.Release|x64.Build.0 = Release|Any CPU
		{E7B4175C-B12A-49C0-8FB8-477B4248B352}.Release|x86.ActiveCfg = Release|Any CPU
		{E7B4175C-B12A-49C0-8FB8-477B4248B352}.Release|x86.Build.0 = Release|Any CPU
		{E7B4175C-B12A-49C0-8FB8-477B4248B352}.SingleImage|Any CPU.ActiveCfg = Release|Any CPU
		{E7B4175C-B12A-49C0-8FB8-477B4248B352}.SingleImage|Any CPU.Build.0 = Release|Any CPU
		{E7B4175C-B12A-49C0-8FB8-477B4248B352}.SingleImage|x64.ActiveCfg = Release|x64
		{E7B4175C-B12A-49C0-8FB8-477B4248B352}.SingleImage|x64.Build.0 = Release|x64
		{E7B4175C-B12A-49C0-8FB8-477B4248B352}.SingleImage|x86.ActiveCfg = Release|x86
		{E7B4175C-B12A-49C0-8FB8-477B4248B352}.SingleImage|x86.Build.0 = Release|x86
		{1D76487C-FD4A-420D-815C-A76F5744E0B5}.CD_ROM|Any CPU.ActiveCfg = Release|Any CPU
		{1D76487C-FD4A-420D-815C-A76F5744E0B5}.CD_ROM|Any CPU.Build.0 = Release|Any CPU
		{1D76487C-FD4A-420D-815C-A76F5744E0B5}.CD_ROM|Any CPU.Deploy.0 = Release|Any CPU
		{1D76487C-FD4A-420D-815C-A76F5744E0B5}.CD_ROM|x64.ActiveCfg = Release|Any CPU
		{1D76487C-FD4A-420D-815C-A76F5744E0B5}.CD_ROM|x64.Build.0 = Release|Any CPU
		{1D76487C-FD4A-420D-815C-A76F5744E0B5}.CD_ROM|x64.Deploy.0 = Release|Any CPU
		{1D76487C-FD4A-420D-815C-A76F5744E0B5}.CD_ROM|x86.ActiveCfg = Release|Any CPU
		{1D76487C-FD4A-420D-815C-A76F5744E0B5}.CD_ROM|x86.Build.0 = Release|Any CPU
		{1D76487C-FD4A-420D-815C-A76F5744E0B5}.CD_ROM|x86.Deploy.0 = Release|Any CPU
		{1D76487C-FD4A-420D-815C-A76F5744E0B5}.Debug|Any CPU.ActiveCfg = Debug|Any CPU
		{1D76487C-FD4A-420D-815C-A76F5744E0B5}.Debug|Any CPU.Build.0 = Debug|Any CPU
		{1D76487C-FD4A-420D-815C-A76F5744E0B5}.Debug|Any CPU.Deploy.0 = Debug|Any CPU
		{1D76487C-FD4A-420D-815C-A76F5744E0B5}.Debug|x64.ActiveCfg = Debug|Any CPU
		{1D76487C-FD4A-420D-815C-A76F5744E0B5}.Debug|x64.Build.0 = Debug|Any CPU
		{1D76487C-FD4A-420D-815C-A76F5744E0B5}.Debug|x64.Deploy.0 = Debug|Any CPU
		{1D76487C-FD4A-420D-815C-A76F5744E0B5}.Debug|x86.ActiveCfg = Debug|Any CPU
		{1D76487C-FD4A-420D-815C-A76F5744E0B5}.Debug|x86.Build.0 = Debug|Any CPU
		{1D76487C-FD4A-420D-815C-A76F5744E0B5}.Debug|x86.Deploy.0 = Debug|Any CPU
		{1D76487C-FD4A-420D-815C-A76F5744E0B5}.DVD-5|Any CPU.ActiveCfg = Debug|Any CPU
		{1D76487C-FD4A-420D-815C-A76F5744E0B5}.DVD-5|Any CPU.Build.0 = Debug|Any CPU
		{1D76487C-FD4A-420D-815C-A76F5744E0B5}.DVD-5|Any CPU.Deploy.0 = Debug|Any CPU
		{1D76487C-FD4A-420D-815C-A76F5744E0B5}.DVD-5|x64.ActiveCfg = Debug|Any CPU
		{1D76487C-FD4A-420D-815C-A76F5744E0B5}.DVD-5|x64.Build.0 = Debug|Any CPU
		{1D76487C-FD4A-420D-815C-A76F5744E0B5}.DVD-5|x64.Deploy.0 = Debug|Any CPU
		{1D76487C-FD4A-420D-815C-A76F5744E0B5}.DVD-5|x86.ActiveCfg = Debug|Any CPU
		{1D76487C-FD4A-420D-815C-A76F5744E0B5}.DVD-5|x86.Build.0 = Debug|Any CPU
		{1D76487C-FD4A-420D-815C-A76F5744E0B5}.DVD-5|x86.Deploy.0 = Debug|Any CPU
		{1D76487C-FD4A-420D-815C-A76F5744E0B5}.Release|Any CPU.ActiveCfg = Release|Any CPU
		{1D76487C-FD4A-420D-815C-A76F5744E0B5}.Release|Any CPU.Build.0 = Release|Any CPU
		{1D76487C-FD4A-420D-815C-A76F5744E0B5}.Release|Any CPU.Deploy.0 = Release|Any CPU
		{1D76487C-FD4A-420D-815C-A76F5744E0B5}.Release|x64.ActiveCfg = Release|Any CPU
		{1D76487C-FD4A-420D-815C-A76F5744E0B5}.Release|x64.Build.0 = Release|Any CPU
		{1D76487C-FD4A-420D-815C-A76F5744E0B5}.Release|x64.Deploy.0 = Release|Any CPU
		{1D76487C-FD4A-420D-815C-A76F5744E0B5}.Release|x86.ActiveCfg = Release|Any CPU
		{1D76487C-FD4A-420D-815C-A76F5744E0B5}.Release|x86.Build.0 = Release|Any CPU
		{1D76487C-FD4A-420D-815C-A76F5744E0B5}.Release|x86.Deploy.0 = Release|Any CPU
		{1D76487C-FD4A-420D-815C-A76F5744E0B5}.SingleImage|Any CPU.ActiveCfg = Release|Any CPU
		{1D76487C-FD4A-420D-815C-A76F5744E0B5}.SingleImage|Any CPU.Build.0 = Release|Any CPU
		{1D76487C-FD4A-420D-815C-A76F5744E0B5}.SingleImage|Any CPU.Deploy.0 = Release|Any CPU
		{1D76487C-FD4A-420D-815C-A76F5744E0B5}.SingleImage|x64.ActiveCfg = Release|Any CPU
		{1D76487C-FD4A-420D-815C-A76F5744E0B5}.SingleImage|x64.Build.0 = Release|Any CPU
		{1D76487C-FD4A-420D-815C-A76F5744E0B5}.SingleImage|x64.Deploy.0 = Release|Any CPU
		{1D76487C-FD4A-420D-815C-A76F5744E0B5}.SingleImage|x86.ActiveCfg = Release|Any CPU
		{1D76487C-FD4A-420D-815C-A76F5744E0B5}.SingleImage|x86.Build.0 = Release|Any CPU
		{1D76487C-FD4A-420D-815C-A76F5744E0B5}.SingleImage|x86.Deploy.0 = Release|Any CPU
		{979F00CE-A372-4184-A557-D319EF04F9CE}.CD_ROM|Any CPU.ActiveCfg = Debug|Any CPU
		{979F00CE-A372-4184-A557-D319EF04F9CE}.CD_ROM|Any CPU.Build.0 = Debug|Any CPU
		{979F00CE-A372-4184-A557-D319EF04F9CE}.CD_ROM|x64.ActiveCfg = Debug|Any CPU
		{979F00CE-A372-4184-A557-D319EF04F9CE}.CD_ROM|x64.Build.0 = Debug|Any CPU
		{979F00CE-A372-4184-A557-D319EF04F9CE}.CD_ROM|x86.ActiveCfg = Release|x86
		{979F00CE-A372-4184-A557-D319EF04F9CE}.CD_ROM|x86.Build.0 = Release|x86
		{979F00CE-A372-4184-A557-D319EF04F9CE}.Debug|Any CPU.ActiveCfg = Debug|x86
		{979F00CE-A372-4184-A557-D319EF04F9CE}.Debug|Any CPU.Build.0 = Debug|x86
		{979F00CE-A372-4184-A557-D319EF04F9CE}.Debug|x64.ActiveCfg = Debug|x86
		{979F00CE-A372-4184-A557-D319EF04F9CE}.Debug|x64.Build.0 = Debug|x86
		{979F00CE-A372-4184-A557-D319EF04F9CE}.Debug|x86.ActiveCfg = Debug|x86
		{979F00CE-A372-4184-A557-D319EF04F9CE}.Debug|x86.Build.0 = Debug|x86
		{979F00CE-A372-4184-A557-D319EF04F9CE}.DVD-5|Any CPU.ActiveCfg = Debug|Any CPU
		{979F00CE-A372-4184-A557-D319EF04F9CE}.DVD-5|Any CPU.Build.0 = Debug|Any CPU
		{979F00CE-A372-4184-A557-D319EF04F9CE}.DVD-5|x64.ActiveCfg = Debug|Any CPU
		{979F00CE-A372-4184-A557-D319EF04F9CE}.DVD-5|x64.Build.0 = Debug|Any CPU
		{979F00CE-A372-4184-A557-D319EF04F9CE}.DVD-5|x86.ActiveCfg = Debug|x86
		{979F00CE-A372-4184-A557-D319EF04F9CE}.DVD-5|x86.Build.0 = Debug|x86
		{979F00CE-A372-4184-A557-D319EF04F9CE}.Release|Any CPU.ActiveCfg = Release|Any CPU
		{979F00CE-A372-4184-A557-D319EF04F9CE}.Release|Any CPU.Build.0 = Release|Any CPU
		{979F00CE-A372-4184-A557-D319EF04F9CE}.Release|x64.ActiveCfg = Release|Any CPU
		{979F00CE-A372-4184-A557-D319EF04F9CE}.Release|x64.Build.0 = Release|Any CPU
		{979F00CE-A372-4184-A557-D319EF04F9CE}.Release|x86.ActiveCfg = Release|Any CPU
		{979F00CE-A372-4184-A557-D319EF04F9CE}.Release|x86.Build.0 = Release|Any CPU
		{979F00CE-A372-4184-A557-D319EF04F9CE}.SingleImage|Any CPU.ActiveCfg = Debug|Any CPU
		{979F00CE-A372-4184-A557-D319EF04F9CE}.SingleImage|Any CPU.Build.0 = Debug|Any CPU
		{979F00CE-A372-4184-A557-D319EF04F9CE}.SingleImage|x64.ActiveCfg = Debug|Any CPU
		{979F00CE-A372-4184-A557-D319EF04F9CE}.SingleImage|x64.Build.0 = Debug|Any CPU
		{979F00CE-A372-4184-A557-D319EF04F9CE}.SingleImage|x86.ActiveCfg = Release|x86
		{979F00CE-A372-4184-A557-D319EF04F9CE}.SingleImage|x86.Build.0 = Release|x86
		{0D35F54E-AC0C-4EEC-A69B-0FD34586D16B}.CD_ROM|Any CPU.ActiveCfg = Release
		{0D35F54E-AC0C-4EEC-A69B-0FD34586D16B}.CD_ROM|Any CPU.Build.0 = Release
		{0D35F54E-AC0C-4EEC-A69B-0FD34586D16B}.CD_ROM|x64.ActiveCfg = Release
		{0D35F54E-AC0C-4EEC-A69B-0FD34586D16B}.CD_ROM|x64.Build.0 = Release
		{0D35F54E-AC0C-4EEC-A69B-0FD34586D16B}.CD_ROM|x86.ActiveCfg = Release
		{0D35F54E-AC0C-4EEC-A69B-0FD34586D16B}.CD_ROM|x86.Build.0 = Release
		{0D35F54E-AC0C-4EEC-A69B-0FD34586D16B}.Debug|Any CPU.ActiveCfg = Debug
		{0D35F54E-AC0C-4EEC-A69B-0FD34586D16B}.Debug|Any CPU.Build.0 = Debug
		{0D35F54E-AC0C-4EEC-A69B-0FD34586D16B}.Debug|x64.ActiveCfg = Debug
		{0D35F54E-AC0C-4EEC-A69B-0FD34586D16B}.Debug|x64.Build.0 = Debug
		{0D35F54E-AC0C-4EEC-A69B-0FD34586D16B}.Debug|x86.ActiveCfg = Debug
		{0D35F54E-AC0C-4EEC-A69B-0FD34586D16B}.Debug|x86.Build.0 = Debug
		{0D35F54E-AC0C-4EEC-A69B-0FD34586D16B}.DVD-5|Any CPU.ActiveCfg = Debug
		{0D35F54E-AC0C-4EEC-A69B-0FD34586D16B}.DVD-5|Any CPU.Build.0 = Debug
		{0D35F54E-AC0C-4EEC-A69B-0FD34586D16B}.DVD-5|x64.ActiveCfg = Debug
		{0D35F54E-AC0C-4EEC-A69B-0FD34586D16B}.DVD-5|x64.Build.0 = Debug
		{0D35F54E-AC0C-4EEC-A69B-0FD34586D16B}.DVD-5|x86.ActiveCfg = Debug
		{0D35F54E-AC0C-4EEC-A69B-0FD34586D16B}.DVD-5|x86.Build.0 = Debug
		{0D35F54E-AC0C-4EEC-A69B-0FD34586D16B}.Release|Any CPU.ActiveCfg = Release
		{0D35F54E-AC0C-4EEC-A69B-0FD34586D16B}.Release|Any CPU.Build.0 = Release
		{0D35F54E-AC0C-4EEC-A69B-0FD34586D16B}.Release|x64.ActiveCfg = Release
		{0D35F54E-AC0C-4EEC-A69B-0FD34586D16B}.Release|x64.Build.0 = Release
		{0D35F54E-AC0C-4EEC-A69B-0FD34586D16B}.Release|x86.ActiveCfg = Release
		{0D35F54E-AC0C-4EEC-A69B-0FD34586D16B}.Release|x86.Build.0 = Release
		{0D35F54E-AC0C-4EEC-A69B-0FD34586D16B}.SingleImage|Any CPU.ActiveCfg = Release
		{0D35F54E-AC0C-4EEC-A69B-0FD34586D16B}.SingleImage|Any CPU.Build.0 = Release
		{0D35F54E-AC0C-4EEC-A69B-0FD34586D16B}.SingleImage|x64.ActiveCfg = Release
		{0D35F54E-AC0C-4EEC-A69B-0FD34586D16B}.SingleImage|x64.Build.0 = Release
		{0D35F54E-AC0C-4EEC-A69B-0FD34586D16B}.SingleImage|x86.ActiveCfg = Release
		{0D35F54E-AC0C-4EEC-A69B-0FD34586D16B}.SingleImage|x86.Build.0 = Release
		{2F73EC4E-A8DA-4912-91A1-CD323D87F794}.CD_ROM|Any CPU.ActiveCfg = Release
		{2F73EC4E-A8DA-4912-91A1-CD323D87F794}.CD_ROM|x64.ActiveCfg = Release
		{2F73EC4E-A8DA-4912-91A1-CD323D87F794}.CD_ROM|x86.ActiveCfg = Release
		{2F73EC4E-A8DA-4912-91A1-CD323D87F794}.Debug|Any CPU.ActiveCfg = Debug
		{2F73EC4E-A8DA-4912-91A1-CD323D87F794}.Debug|Any CPU.Build.0 = Debug
		{2F73EC4E-A8DA-4912-91A1-CD323D87F794}.Debug|x64.ActiveCfg = Debug
		{2F73EC4E-A8DA-4912-91A1-CD323D87F794}.Debug|x86.ActiveCfg = Debug
		{2F73EC4E-A8DA-4912-91A1-CD323D87F794}.Debug|x86.Build.0 = Debug
		{2F73EC4E-A8DA-4912-91A1-CD323D87F794}.DVD-5|Any CPU.ActiveCfg = Debug
		{2F73EC4E-A8DA-4912-91A1-CD323D87F794}.DVD-5|x64.ActiveCfg = Debug
		{2F73EC4E-A8DA-4912-91A1-CD323D87F794}.DVD-5|x86.ActiveCfg = Debug
		{2F73EC4E-A8DA-4912-91A1-CD323D87F794}.Release|Any CPU.ActiveCfg = Release
		{2F73EC4E-A8DA-4912-91A1-CD323D87F794}.Release|x64.ActiveCfg = Release
		{2F73EC4E-A8DA-4912-91A1-CD323D87F794}.Release|x86.ActiveCfg = Release
		{2F73EC4E-A8DA-4912-91A1-CD323D87F794}.SingleImage|Any CPU.ActiveCfg = Release
		{2F73EC4E-A8DA-4912-91A1-CD323D87F794}.SingleImage|x64.ActiveCfg = Release
		{2F73EC4E-A8DA-4912-91A1-CD323D87F794}.SingleImage|x86.ActiveCfg = Release
	EndGlobalSection
	GlobalSection(SolutionProperties) = preSolution
		HideSolutionNode = FALSE
	EndGlobalSection
EndGlobal
